// !$*UTF8*$!
{
	archiveVersion = 1;
	classes = {
	};
	objectVersion = 46;
	objects = {

/* Begin PBXBuildFile section */
		C37A37AB1C0C1DA400116608 /* main.m in Sources */ = {isa = PBXBuildFile; fileRef = C37A37AA1C0C1DA400116608 /* main.m */; };
		C37A37AE1C0C1DA400116608 /* AppDelegate.m in Sources */ = {isa = PBXBuildFile; fileRef = C37A37AD1C0C1DA400116608 /* AppDelegate.m */; };
		C37A37B11C0C1DA400116608 /* ViewController.m in Sources */ = {isa = PBXBuildFile; fileRef = C37A37B01C0C1DA400116608 /* ViewController.m */; };
		C37A37B41C0C1DA400116608 /* Main.storyboard in Resources */ = {isa = PBXBuildFile; fileRef = C37A37B21C0C1DA400116608 /* Main.storyboard */; };
		C37A37B61C0C1DA400116608 /* Assets.xcassets in Resources */ = {isa = PBXBuildFile; fileRef = C37A37B51C0C1DA400116608 /* Assets.xcassets */; };
		C37A37B91C0C1DA400116608 /* LaunchScreen.storyboard in Resources */ = {isa = PBXBuildFile; fileRef = C37A37B71C0C1DA400116608 /* LaunchScreen.storyboard */; };
/* End PBXBuildFile section */

/* Begin PBXFileReference section */
		C37A37A61C0C1DA400116608 /* GCD_dispatch.app */ = {isa = PBXFileReference; explicitFileType = wrapper.application; includeInIndex = 0; path = GCD_dispatch.app; sourceTree = BUILT_PRODUCTS_DIR; };
		C37A37AA1C0C1DA400116608 /* main.m */ = {isa = PBXFileReference; lastKnownFileType = sourcecode.c.objc; path = main.m; sourceTree = "<group>"; };
		C37A37AC1C0C1DA400116608 /* AppDelegate.h */ = {isa = PBXFileReference; lastKnownFileType = sourcecode.c.h; path = AppDelegate.h; sourceTree = "<group>"; };
		C37A37AD1C0C1DA400116608 /* AppDelegate.m */ = {isa = PBXFileReference; lastKnownFileType = sourcecode.c.objc; path = AppDelegate.m; sourceTree = "<group>"; };
		C37A37AF1C0C1DA400116608 /* ViewController.h */ = {isa = PBXFileReference; lastKnownFileType = sourcecode.c.h; path = ViewController.h; sourceTree = "<group>"; };
		C37A37B01C0C1DA400116608 /* ViewController.m */ = {isa = PBXFileReference; lastKnownFileType = sourcecode.c.objc; path = ViewController.m; sourceTree = "<group>"; };
		C37A37B31C0C1DA400116608 /* Base */ = {isa = PBXFileReference; lastKnownFileType = file.storyboard; name = Base; path = Base.lproj/Main.storyboard; sourceTree = "<group>"; };
		C37A37B51C0C1DA400116608 /* Assets.xcassets */ = {isa = PBXFileReference; lastKnownFileType = folder.assetcatalog; path = Assets.xcassets; sourceTree = "<group>"; };
		C37A37B81C0C1DA400116608 /* Base */ = {isa = PBXFileReference; lastKnownFileType = file.storyboard; name = Base; path = Base.lproj/LaunchScreen.storyboard; sourceTree = "<group>"; };
		C37A37BA1C0C1DA400116608 /* Info.plist */ = {isa = PBXFileReference; lastKnownFileType = text.plist.xml; path = Info.plist; sourceTree = "<group>"; };
/* End PBXFileReference section */

/* Begin PBXFrameworksBuildPhase section */
		C37A37A31C0C1DA400116608 /* Frameworks */ = {
			isa = PBXFrameworksBuildPhase;
			buildActionMask = 2147483647;
			files = (
			);
			runOnlyForDeploymentPostprocessing = 0;
		};
/* End PBXFrameworksBuildPhase section */

/* Begin PBXGroup section */
		C37A379D1C0C1DA300116608 = {
			isa = PBXGroup;
			children = (
				C37A37A81C0C1DA400116608 /* GCD_dispatch */,
				C37A37A71C0C1DA400116608 /* Products */,
			);
			sourceTree = "<group>";
		};
		C37A37A71C0C1DA400116608 /* Products */ = {
			isa = PBXGroup;
			children = (
				C37A37A61C0C1DA400116608 /* GCD_dispatch.app */,
			);
			name = Products;
			sourceTree = "<group>";
		};
		C37A37A81C0C1DA400116608 /* GCD_dispatch */ = {
			isa = PBXGroup;
			children = (
				C37A37AC1C0C1DA400116608 /* AppDelegate.h */,
				C37A37AD1C0C1DA400116608 /* AppDelegate.m */,
				C37A37AF1C0C1DA400116608 /* ViewController.h */,
				C37A37B01C0C1DA400116608 /* ViewController.m */,
				C37A37B21C0C1DA400116608 /* Main.storyboard */,
				C37A37B51C0C1DA400116608 /* Assets.xcassets */,
				C37A37B71C0C1DA400116608 /* LaunchScreen.storyboard */,
				C37A37BA1C0C1DA400116608 /* Info.plist */,
				C37A37A91C0C1DA400116608 /* Supporting Files */,
			);
			path = GCD_dispatch;
			sourceTree = "<group>";
		};
		C37A37A91C0C1DA400116608 /* Supporting Files */ = {
			isa = PBXGroup;
			children = (
				C37A37AA1C0C1DA400116608 /* main.m */,
			);
			name = "Supporting Files";
			sourceTree = "<group>";
		};
/* End PBXGroup section */

/* Begin PBXNativeTarget section */
		C37A37A51C0C1DA400116608 /* GCD_dispatch */ = {
			isa = PBXNativeTarget;
			buildConfigurationList = C37A37BD1C0C1DA400116608 /* Build configuration list for PBXNativeTarget "GCD_dispatch" */;
			buildPhases = (
				C37A37A21C0C1DA400116608 /* Sources */,
				C37A37A31C0C1DA400116608 /* Frameworks */,
				C37A37A41C0C1DA400116608 /* Resources */,
			);
			buildRules = (
			);
			dependencies = (
			);
			name = GCD_dispatch;
			productName = GCD_dispatch;
			productReference = C37A37A61C0C1DA400116608 /* GCD_dispatch.app */;
			productType = "com.apple.product-type.application";
		};
/* End PBXNativeTarget section */

/* Begin PBXProject section */
		C37A379E1C0C1DA400116608 /* Project object */ = {
			isa = PBXProject;
			attributes = {
				LastUpgradeCheck = 0700;
				ORGANIZATIONNAME = Administrator;
				TargetAttributes = {
					C37A37A51C0C1DA400116608 = {
						CreatedOnToolsVersion = 7.0.1;
					};
				};
			};
			buildConfigurationList = C37A37A11C0C1DA400116608 /* Build configuration list for PBXProject "GCD_dispatch" */;
			compatibilityVersion = "Xcode 3.2";
			developmentRegion = English;
			hasScannedForEncodings = 0;
			knownRegions = (
				en,
				Base,
			);
			mainGroup = C37A379D1C0C1DA300116608;
			productRefGroup = C37A37A71C0C1DA400116608 /* Products */;
			projectDirPath = "";
			projectRoot = "";
			targets = (
				C37A37A51C0C1DA400116608 /* GCD_dispatch */,
			);
		};
/* End PBXProject section */

/* Begin PBXResourcesBuildPhase section */
		C37A37A41C0C1DA400116608 /* Resources */ = {
			isa = PBXResourcesBuildPhase;
			buildActionMask = 2147483647;
			files = (
				C37A37B91C0C1DA400116608 /* LaunchScreen.storyboard in Resources */,
				C37A37B61C0C1DA400116608 /* Assets.xcassets in Resources */,
				C37A37B41C0C1DA400116608 /* Main.storyboard in Resources */,
			);
			runOnlyForDeploymentPostprocessing = 0;
		};
/* End PBXResourcesBuildPhase section */

/* Begin PBXSourcesBuildPhase section */
		C37A37A21C0C1DA400116608 /* Sources */ = {
			isa = PBXSourcesBuildPhase;
			buildActionMask = 2147483647;
			files = (
				C37A37B11C0C1DA400116608 /* ViewController.m in Sources */,
				C37A37AE1C0C1DA400116608 /* AppDelegate.m in Sources */,
				C37A37AB1C0C1DA400116608 /* main.m in Sources */,
			);
			runOnlyForDeploymentPostprocessing = 0;
		};
/* End PBXSourcesBuildPhase section */

/* Begin PBXVariantGroup section */
		C37A37B21C0C1DA400116608 /* Main.storyboard */ = {
			isa = PBXVariantGroup;
			children = (
				C37A37B31C0C1DA400116608 /* Base */,
			);
			name = Main.storyboard;
			sourceTree = "<group>";
		};
		C37A37B71C0C1DA400116608 /* LaunchScreen.storyboard */ = {
			isa = PBXVariantGroup;
			children = (
				C37A37B81C0C1DA400116608 /* Base */,
			);
			name = LaunchScreen.storyboard;
			sourceTree = "<group>";
		};
/* End PBXVariantGroup section */

/* Begin XCBuildConfiguration section */
		C37A37BB1C0C1DA400116608 /* Debug */ = {
			isa = XCBuildConfiguration;
			buildSettings = {
				ALWAYS_SEARCH_USER_PATHS = NO;
				CLANG_CXX_LANGUAGE_STANDARD = "gnu++0x";
				CLANG_CXX_LIBRARY = "libc++";
				CLANG_ENABLE_MODULES = YES;
				CLANG_ENABLE_OBJC_ARC = YES;
				CLANG_WARN_BOOL_CONVERSION = YES;
				CLANG_WARN_CONSTANT_CONVERSION = YES;
				CLANG_WARN_DIRECT_OBJC_ISA_USAGE = YES_ERROR;
				CLANG_WARN_EMPTY_BODY = YES;
				CLANG_WARN_ENUM_CONVERSION = YES;
				CLANG_WARN_INT_CONVERSION = YES;
				CLANG_WARN_OBJC_ROOT_CLASS = YES_ERROR;
				CLANG_WARN_UNREACHABLE_CODE = YES;
				CLANG_WARN__DUPLICATE_METHOD_MATCH = YES;
				"CODE_SIGN_IDENTITY[sdk=iphoneos*]" = "iPhone Developer";
				COPY_PHASE_STRIP = NO;
				DEBUG_INFORMATION_FORMAT = dwarf;
				ENABLE_STRICT_OBJC_MSGSEND = YES;
				ENABLE_TESTABILITY = YES;
				GCC_C_LANGUAGE_STANDARD = gnu99;
				GCC_DYNAMIC_NO_PIC = NO;
				GCC_NO_COMMON_BLOCKS = YES;
				GCC_OPTIMIZATION_LEVEL = 0;
				GCC_PREPROCESSOR_DEFINITIONS = (
					"DEBUG=1",
					"$(inherited)",
				);
				GCC_WARN_64_TO_32_BIT_CONVERSION = YES;
				GCC_WARN_ABOUT_RETURN_TYPE = YES_ERROR;
				GCC_WARN_UNDECLARED_SELECTOR = YES;
				GCC_WARN_UNINITIALIZED_AUTOS = YES_AGGRESSIVE;
				GCC_WARN_UNUSED_FUNCTION = YES;
				GCC_WARN_UNUSED_VARIABLE = YES;
				IPHONEOS_DEPLOYMENT_TARGET = 9.0;
				MTL_ENABLE_DEBUG_INFO = YES;
				ONLY_ACTIVE_ARCH = YES;
				SDKROOT = iphoneos;
			};
			name = Debug;
		};
		C37A37BC1C0C1DA400116608 /* Release */ = {
			isa = XCBuildConfiguration;
			buildSettings = {
				ALWAYS_SEARCH_USER_PATHS = NO;
				CLANG_CXX_LANGUAGE_STANDARD = "gnu++0x";
				CLANG_CXX_LIBRARY = "libc++";
				CLANG_ENABLE_MODULES = YES;
				CLANG_ENABLE_OBJC_ARC = YES;
				CLANG_WARN_BOOL_CONVERSION = YES;
				CLANG_WARN_CONSTANT_CONVERSION = YES;
				CLANG_WARN_DIRECT_OBJC_ISA_USAGE = YES_ERROR;
				CLANG_WARN_EMPTY_BODY = YES;
				CLANG_WARN_ENUM_CONVERSION = YES;
				CLANG_WARN_INT_CONVERSION = YES;
				CLANG_WARN_OBJC_ROOT_CLASS = YES_ERROR;
				CLANG_WARN_UNREACHABLE_CODE = YES;
				CLANG_WARN__DUPLICATE_METHOD_MATCH = YES;
				"CODE_SIGN_IDENTITY[sdk=iphoneos*]" = "iPhone Developer";
				COPY_PHASE_STRIP = NO;
				DEBUG_INFORMATION_FORMAT = "dwarf-with-dsym";
				ENABLE_NS_ASSERTIONS = NO;
				ENABLE_STRICT_OBJC_MSGSEND = YES;
				GCC_C_LANGUAGE_STANDARD = gnu99;
				GCC_NO_COMMON_BLOCKS = YES;
				GCC_WARN_64_TO_32_BIT_CONVERSION = YES;
				GCC_WARN_ABOUT_RETURN_TYPE = YES_ERROR;
				GCC_WARN_UNDECLARED_SELECTOR = YES;
				GCC_WARN_UNINITIALIZED_AUTOS = YES_AGGRESSIVE;
				GCC_WARN_UNUSED_FUNCTION = YES;
				GCC_WARN_UNUSED_VARIABLE = YES;
				IPHONEOS_DEPLOYMENT_TARGET = 9.0;
				MTL_ENABLE_DEBUG_INFO = NO;
				SDKROOT = iphoneos;
				VALIDATE_PRODUCT = YES;
			};
			name = Release;
		};
		C37A37BE1C0C1DA400116608 /* Debug */ = {
			isa = XCBuildConfiguration;
			buildSettings = {
				ASSETCATALOG_COMPILER_APPICON_NAME = AppIcon;
				INFOPLIST_FILE = GCD_dispatch/Info.plist;
				LD_RUNPATH_SEARCH_PATHS = "$(inherited) @executable_path/Frameworks";
				PRODUCT_BUNDLE_IDENTIFIER = "zhukang.GCD-dispatch";
				PRODUCT_NAME = "$(TARGET_NAME)";
			};
			name = Debug;
		};
		C37A37BF1C0C1DA400116608 /* Release */ = {
			isa = XCBuildConfiguration;
			buildSettings = {
				ASSETCATALOG_COMPILER_APPICON_NAME = AppIcon;
				INFOPLIST_FILE = GCD_dispatch/Info.plist;
				LD_RUNPATH_SEARCH_PATHS = "$(inherited) @executable_path/Frameworks";
				PRODUCT_BUNDLE_IDENTIFIER = "zhukang.GCD-dispatch";
				PRODUCT_NAME = "$(TARGET_NAME)";
			};
			name = Release;
		};
/* End XCBuildConfiguration section */

/* Begin XCConfigurationList section */
		C37A37A11C0C1DA400116608 /* Build configuration list for PBXProject "GCD_dispatch" */ = {
			isa = XCConfigurationList;
			buildConfigurations = (
				C37A37BB1C0C1DA400116608 /* Debug */,
				C37A37BC1C0C1DA400116608 /* Release */,
			);
			defaultConfigurationIsVisible = 0;
			defaultConfigurationName = Release;
		};
		C37A37BD1C0C1DA400116608 /* Build configuration list for PBXNativeTarget "GCD_dispatch" */ = {
			isa = XCConfigurationList;
			buildConfigurations = (
				C37A37BE1C0C1DA400116608 /* Debug */,
				C37A37BF1C0C1DA400116608 /* Release */,
			);
			defaultConfigurationIsVisible = 0;
		};
/* End XCConfigurationList section */
	};
	rootObject = C37A379E1C0C1DA400116608 /* Project object */;
}
